// !$*UTF8*$!
{
	archiveVersion = 1;
	classes = {
	};
	objectVersion = 50;
	objects = {

/* Begin PBXBuildFile section */
		43DF96B126391CD300D2EC70 /* AppDelegate.swift in Sources */ = {isa = PBXBuildFile; fileRef = 43DF96B026391CD300D2EC70 /* AppDelegate.swift */; };
		43DF96B326391CD300D2EC70 /* SceneDelegate.swift in Sources */ = {isa = PBXBuildFile; fileRef = 43DF96B226391CD300D2EC70 /* SceneDelegate.swift */; };
		43DF96B526391CD300D2EC70 /* ViewController.swift in Sources */ = {isa = PBXBuildFile; fileRef = 43DF96B426391CD300D2EC70 /* ViewController.swift */; };
		43DF96B826391CD300D2EC70 /* Main.storyboard in Resources */ = {isa = PBXBuildFile; fileRef = 43DF96B626391CD300D2EC70 /* Main.storyboard */; };
		43DF96BA26391CD300D2EC70 /* Assets.xcassets in Resources */ = {isa = PBXBuildFile; fileRef = 43DF96B926391CD300D2EC70 /* Assets.xcassets */; };
		43DF96BD26391CD300D2EC70 /* LaunchScreen.storyboard in Resources */ = {isa = PBXBuildFile; fileRef = 43DF96BB26391CD300D2EC70 /* LaunchScreen.storyboard */; };
		43DF96C826391CD400D2EC70 /* SlowDiaryTests.swift in Sources */ = {isa = PBXBuildFile; fileRef = 43DF96C726391CD400D2EC70 /* SlowDiaryTests.swift */; };
		43DF96D326391CD400D2EC70 /* SlowDiaryUITests.swift in Sources */ = {isa = PBXBuildFile; fileRef = 43DF96D226391CD400D2EC70 /* SlowDiaryUITests.swift */; };
/* End PBXBuildFile section */

/* Begin PBXContainerItemProxy section */
		43DF96C426391CD400D2EC70 /* PBXContainerItemProxy */ = {
			isa = PBXContainerItemProxy;
			containerPortal = 43DF96A526391CD300D2EC70 /* Project object */;
			proxyType = 1;
			remoteGlobalIDString = 43DF96AC26391CD300D2EC70;
			remoteInfo = SlowDiary;
		};
		43DF96CF26391CD400D2EC70 /* PBXContainerItemProxy */ = {
			isa = PBXContainerItemProxy;
			containerPortal = 43DF96A526391CD300D2EC70 /* Project object */;
			proxyType = 1;
			remoteGlobalIDString = 43DF96AC26391CD300D2EC70;
			remoteInfo = SlowDiary;
		};
/* End PBXContainerItemProxy section */

/* Begin PBXFileReference section */
		43DF96AD26391CD300D2EC70 /* SlowDiary.app */ = {isa = PBXFileReference; explicitFileType = wrapper.application; includeInIndex = 0; path = SlowDiary.app; sourceTree = BUILT_PRODUCTS_DIR; };
		43DF96B026391CD300D2EC70 /* AppDelegate.swift */ = {isa = PBXFileReference; lastKnownFileType = sourcecode.swift; path = AppDelegate.swift; sourceTree = "<group>"; };
		43DF96B226391CD300D2EC70 /* SceneDelegate.swift */ = {isa = PBXFileReference; lastKnownFileType = sourcecode.swift; path = SceneDelegate.swift; sourceTree = "<group>"; };
		43DF96B426391CD300D2EC70 /* ViewController.swift */ = {isa = PBXFileReference; lastKnownFileType = sourcecode.swift; path = ViewController.swift; sourceTree = "<group>"; };
		43DF96B726391CD300D2EC70 /* Base */ = {isa = PBXFileReference; lastKnownFileType = file.storyboard; name = Base; path = Base.lproj/Main.storyboard; sourceTree = "<group>"; };
		43DF96B926391CD300D2EC70 /* Assets.xcassets */ = {isa = PBXFileReference; lastKnownFileType = folder.assetcatalog; path = Assets.xcassets; sourceTree = "<group>"; };
		43DF96BC26391CD300D2EC70 /* Base */ = {isa = PBXFileReference; lastKnownFileType = file.storyboard; name = Base; path = Base.lproj/LaunchScreen.storyboard; sourceTree = "<group>"; };
		43DF96BE26391CD300D2EC70 /* Info.plist */ = {isa = PBXFileReference; lastKnownFileType = text.plist.xml; path = Info.plist; sourceTree = "<group>"; };
		43DF96C326391CD400D2EC70 /* SlowDiaryTests.xctest */ = {isa = PBXFileReference; explicitFileType = wrapper.cfbundle; includeInIndex = 0; path = SlowDiaryTests.xctest; sourceTree = BUILT_PRODUCTS_DIR; };
		43DF96C726391CD400D2EC70 /* SlowDiaryTests.swift */ = {isa = PBXFileReference; lastKnownFileType = sourcecode.swift; path = SlowDiaryTests.swift; sourceTree = "<group>"; };
		43DF96C926391CD400D2EC70 /* Info.plist */ = {isa = PBXFileReference; lastKnownFileType = text.plist.xml; path = Info.plist; sourceTree = "<group>"; };
		43DF96CE26391CD400D2EC70 /* SlowDiaryUITests.xctest */ = {isa = PBXFileReference; explicitFileType = wrapper.cfbundle; includeInIndex = 0; path = SlowDiaryUITests.xctest; sourceTree = BUILT_PRODUCTS_DIR; };
		43DF96D226391CD400D2EC70 /* SlowDiaryUITests.swift */ = {isa = PBXFileReference; lastKnownFileType = sourcecode.swift; path = SlowDiaryUITests.swift; sourceTree = "<group>"; };
		43DF96D426391CD400D2EC70 /* Info.plist */ = {isa = PBXFileReference; lastKnownFileType = text.plist.xml; path = Info.plist; sourceTree = "<group>"; };
/* End PBXFileReference section */

/* Begin PBXFrameworksBuildPhase section */
		43DF96AA26391CD300D2EC70 /* Frameworks */ = {
			isa = PBXFrameworksBuildPhase;
			buildActionMask = 2147483647;
			files = (
			);
			runOnlyForDeploymentPostprocessing = 0;
		};
		43DF96C026391CD400D2EC70 /* Frameworks */ = {
			isa = PBXFrameworksBuildPhase;
			buildActionMask = 2147483647;
			files = (
			);
			runOnlyForDeploymentPostprocessing = 0;
		};
		43DF96CB26391CD400D2EC70 /* Frameworks */ = {
			isa = PBXFrameworksBuildPhase;
			buildActionMask = 2147483647;
			files = (
			);
			runOnlyForDeploymentPostprocessing = 0;
		};
/* End PBXFrameworksBuildPhase section */

/* Begin PBXGroup section */
		43DF96A426391CD300D2EC70 = {
			isa = PBXGroup;
			children = (
				43DF96AF26391CD300D2EC70 /* SlowDiary */,
				43DF96C626391CD400D2EC70 /* SlowDiaryTests */,
				43DF96D126391CD400D2EC70 /* SlowDiaryUITests */,
				43DF96AE26391CD300D2EC70 /* Products */,
			);
			sourceTree = "<group>";
		};
		43DF96AE26391CD300D2EC70 /* Products */ = {
			isa = PBXGroup;
			children = (
				43DF96AD26391CD300D2EC70 /* SlowDiary.app */,
				43DF96C326391CD400D2EC70 /* SlowDiaryTests.xctest */,
				43DF96CE26391CD400D2EC70 /* SlowDiaryUITests.xctest */,
			);
			name = Products;
			sourceTree = "<group>";
		};
		43DF96AF26391CD300D2EC70 /* SlowDiary */ = {
			isa = PBXGroup;
			children = (
				43DF96E626391D1E00D2EC70 /* AppDelegates */,
				43DF96EC26391D6200D2EC70 /* Controllers */,
				43DF96EB26391D4A00D2EC70 /* Resources */,
				43DF96E726391D2900D2EC70 /* VIews */,
				43DF96BE26391CD300D2EC70 /* Info.plist */,
			);
			path = SlowDiary;
			sourceTree = "<group>";
		};
		43DF96C626391CD400D2EC70 /* SlowDiaryTests */ = {
			isa = PBXGroup;
			children = (
				43DF96C726391CD400D2EC70 /* SlowDiaryTests.swift */,
				43DF96C926391CD400D2EC70 /* Info.plist */,
			);
			path = SlowDiaryTests;
			sourceTree = "<group>";
		};
		43DF96D126391CD400D2EC70 /* SlowDiaryUITests */ = {
			isa = PBXGroup;
			children = (
				43DF96D226391CD400D2EC70 /* SlowDiaryUITests.swift */,
				43DF96D426391CD400D2EC70 /* Info.plist */,
			);
			path = SlowDiaryUITests;
			sourceTree = "<group>";
		};
		43DF96E626391D1E00D2EC70 /* AppDelegates */ = {
			isa = PBXGroup;
			children = (
				43DF96B026391CD300D2EC70 /* AppDelegate.swift */,
				43DF96B226391CD300D2EC70 /* SceneDelegate.swift */,
			);
			path = AppDelegates;
			sourceTree = "<group>";
		};
		43DF96E726391D2900D2EC70 /* VIews */ = {
			isa = PBXGroup;
			children = (
				43DF96BB26391CD300D2EC70 /* LaunchScreen.storyboard */,
				43DF96B626391CD300D2EC70 /* Main.storyboard */,
			);
			path = VIews;
			sourceTree = "<group>";
		};
		43DF96EB26391D4A00D2EC70 /* Resources */ = {
			isa = PBXGroup;
			children = (
				43DF96B926391CD300D2EC70 /* Assets.xcassets */,
			);
			path = Resources;
			sourceTree = "<group>";
		};
		43DF96EC26391D6200D2EC70 /* Controllers */ = {
			isa = PBXGroup;
			children = (
				43DF96B426391CD300D2EC70 /* ViewController.swift */,
			);
			path = Controllers;
			sourceTree = "<group>";
		};
/* End PBXGroup section */

/* Begin PBXNativeTarget section */
		43DF96AC26391CD300D2EC70 /* SlowDiary */ = {
			isa = PBXNativeTarget;
			buildConfigurationList = 43DF96D726391CD400D2EC70 /* Build configuration list for PBXNativeTarget "SlowDiary" */;
			buildPhases = (
				43DF96A926391CD300D2EC70 /* Sources */,
				43DF96AA26391CD300D2EC70 /* Frameworks */,
				43DF96AB26391CD300D2EC70 /* Resources */,
			);
			buildRules = (
			);
			dependencies = (
			);
			name = SlowDiary;
			productName = SlowDiary;
			productReference = 43DF96AD26391CD300D2EC70 /* SlowDiary.app */;
			productType = "com.apple.product-type.application";
		};
		43DF96C226391CD400D2EC70 /* SlowDiaryTests */ = {
			isa = PBXNativeTarget;
			buildConfigurationList = 43DF96DA26391CD400D2EC70 /* Build configuration list for PBXNativeTarget "SlowDiaryTests" */;
			buildPhases = (
				43DF96BF26391CD400D2EC70 /* Sources */,
				43DF96C026391CD400D2EC70 /* Frameworks */,
				43DF96C126391CD400D2EC70 /* Resources */,
			);
			buildRules = (
			);
			dependencies = (
				43DF96C526391CD400D2EC70 /* PBXTargetDependency */,
			);
			name = SlowDiaryTests;
			productName = SlowDiaryTests;
			productReference = 43DF96C326391CD400D2EC70 /* SlowDiaryTests.xctest */;
			productType = "com.apple.product-type.bundle.unit-test";
		};
		43DF96CD26391CD400D2EC70 /* SlowDiaryUITests */ = {
			isa = PBXNativeTarget;
			buildConfigurationList = 43DF96DD26391CD400D2EC70 /* Build configuration list for PBXNativeTarget "SlowDiaryUITests" */;
			buildPhases = (
				43DF96CA26391CD400D2EC70 /* Sources */,
				43DF96CB26391CD400D2EC70 /* Frameworks */,
				43DF96CC26391CD400D2EC70 /* Resources */,
			);
			buildRules = (
			);
			dependencies = (
				43DF96D026391CD400D2EC70 /* PBXTargetDependency */,
			);
			name = SlowDiaryUITests;
			productName = SlowDiaryUITests;
			productReference = 43DF96CE26391CD400D2EC70 /* SlowDiaryUITests.xctest */;
			productType = "com.apple.product-type.bundle.ui-testing";
		};
/* End PBXNativeTarget section */

/* Begin PBXProject section */
		43DF96A526391CD300D2EC70 /* Project object */ = {
			isa = PBXProject;
			attributes = {
				LastSwiftUpdateCheck = 1240;
				LastUpgradeCheck = 1240;
				TargetAttributes = {
					43DF96AC26391CD300D2EC70 = {
						CreatedOnToolsVersion = 12.4;
					};
					43DF96C226391CD400D2EC70 = {
						CreatedOnToolsVersion = 12.4;
						TestTargetID = 43DF96AC26391CD300D2EC70;
					};
					43DF96CD26391CD400D2EC70 = {
						CreatedOnToolsVersion = 12.4;
						TestTargetID = 43DF96AC26391CD300D2EC70;
					};
				};
			};
			buildConfigurationList = 43DF96A826391CD300D2EC70 /* Build configuration list for PBXProject "SlowDiary" */;
			compatibilityVersion = "Xcode 9.3";
			developmentRegion = en;
			hasScannedForEncodings = 0;
			knownRegions = (
				en,
				Base,
			);
			mainGroup = 43DF96A426391CD300D2EC70;
			productRefGroup = 43DF96AE26391CD300D2EC70 /* Products */;
			projectDirPath = "";
			projectRoot = "";
			targets = (
				43DF96AC26391CD300D2EC70 /* SlowDiary */,
				43DF96C226391CD400D2EC70 /* SlowDiaryTests */,
				43DF96CD26391CD400D2EC70 /* SlowDiaryUITests */,
			);
		};
/* End PBXProject section */

/* Begin PBXResourcesBuildPhase section */
		43DF96AB26391CD300D2EC70 /* Resources */ = {
			isa = PBXResourcesBuildPhase;
			buildActionMask = 2147483647;
			files = (
				43DF96BD26391CD300D2EC70 /* LaunchScreen.storyboard in Resources */,
				43DF96BA26391CD300D2EC70 /* Assets.xcassets in Resources */,
				43DF96B826391CD300D2EC70 /* Main.storyboard in Resources */,
			);
			runOnlyForDeploymentPostprocessing = 0;
		};
		43DF96C126391CD400D2EC70 /* Resources */ = {
			isa = PBXResourcesBuildPhase;
			buildActionMask = 2147483647;
			files = (
			);
			runOnlyForDeploymentPostprocessing = 0;
		};
		43DF96CC26391CD400D2EC70 /* Resources */ = {
			isa = PBXResourcesBuildPhase;
			buildActionMask = 2147483647;
			files = (
			);
			runOnlyForDeploymentPostprocessing = 0;
		};
/* End PBXResourcesBuildPhase section */

/* Begin PBXSourcesBuildPhase section */
		43DF96A926391CD300D2EC70 /* Sources */ = {
			isa = PBXSourcesBuildPhase;
			buildActionMask = 2147483647;
			files = (
				43DF96B526391CD300D2EC70 /* ViewController.swift in Sources */,
				43DF96B126391CD300D2EC70 /* AppDelegate.swift in Sources */,
				43DF96B326391CD300D2EC70 /* SceneDelegate.swift in Sources */,
			);
			runOnlyForDeploymentPostprocessing = 0;
		};
		43DF96BF26391CD400D2EC70 /* Sources */ = {
			isa = PBXSourcesBuildPhase;
			buildActionMask = 2147483647;
			files = (
				43DF96C826391CD400D2EC70 /* SlowDiaryTests.swift in Sources */,
			);
			runOnlyForDeploymentPostprocessing = 0;
		};
		43DF96CA26391CD400D2EC70 /* Sources */ = {
			isa = PBXSourcesBuildPhase;
			buildActionMask = 2147483647;
			files = (
				43DF96D326391CD400D2EC70 /* SlowDiaryUITests.swift in Sources */,
			);
			runOnlyForDeploymentPostprocessing = 0;
		};
/* End PBXSourcesBuildPhase section */

/* Begin PBXTargetDependency section */
		43DF96C526391CD400D2EC70 /* PBXTargetDependency */ = {
			isa = PBXTargetDependency;
			target = 43DF96AC26391CD300D2EC70 /* SlowDiary */;
			targetProxy = 43DF96C426391CD400D2EC70 /* PBXContainerItemProxy */;
		};
		43DF96D026391CD400D2EC70 /* PBXTargetDependency */ = {
			isa = PBXTargetDependency;
			target = 43DF96AC26391CD300D2EC70 /* SlowDiary */;
			targetProxy = 43DF96CF26391CD400D2EC70 /* PBXContainerItemProxy */;
		};
/* End PBXTargetDependency section */

/* Begin PBXVariantGroup section */
		43DF96B626391CD300D2EC70 /* Main.storyboard */ = {
			isa = PBXVariantGroup;
			children = (
				43DF96B726391CD300D2EC70 /* Base */,
			);
			name = Main.storyboard;
			sourceTree = "<group>";
		};
		43DF96BB26391CD300D2EC70 /* LaunchScreen.storyboard */ = {
			isa = PBXVariantGroup;
			children = (
				43DF96BC26391CD300D2EC70 /* Base */,
			);
			name = LaunchScreen.storyboard;
			sourceTree = "<group>";
		};
/* End PBXVariantGroup section */

/* Begin XCBuildConfiguration section */
		43DF96D526391CD400D2EC70 /* Debug */ = {
			isa = XCBuildConfiguration;
			buildSettings = {
				ALWAYS_SEARCH_USER_PATHS = NO;
				CLANG_ANALYZER_NONNULL = YES;
				CLANG_ANALYZER_NUMBER_OBJECT_CONVERSION = YES_AGGRESSIVE;
				CLANG_CXX_LANGUAGE_STANDARD = "gnu++14";
				CLANG_CXX_LIBRARY = "libc++";
				CLANG_ENABLE_MODULES = YES;
				CLANG_ENABLE_OBJC_ARC = YES;
				CLANG_ENABLE_OBJC_WEAK = YES;
				CLANG_WARN_BLOCK_CAPTURE_AUTORELEASING = YES;
				CLANG_WARN_BOOL_CONVERSION = YES;
				CLANG_WARN_COMMA = YES;
				CLANG_WARN_CONSTANT_CONVERSION = YES;
				CLANG_WARN_DEPRECATED_OBJC_IMPLEMENTATIONS = YES;
				CLANG_WARN_DIRECT_OBJC_ISA_USAGE = YES_ERROR;
				CLANG_WARN_DOCUMENTATION_COMMENTS = YES;
				CLANG_WARN_EMPTY_BODY = YES;
				CLANG_WARN_ENUM_CONVERSION = YES;
				CLANG_WARN_INFINITE_RECURSION = YES;
				CLANG_WARN_INT_CONVERSION = YES;
				CLANG_WARN_NON_LITERAL_NULL_CONVERSION = YES;
				CLANG_WARN_OBJC_IMPLICIT_RETAIN_SELF = YES;
				CLANG_WARN_OBJC_LITERAL_CONVERSION = YES;
				CLANG_WARN_OBJC_ROOT_CLASS = YES_ERROR;
				CLANG_WARN_QUOTED_INCLUDE_IN_FRAMEWORK_HEADER = YES;
				CLANG_WARN_RANGE_LOOP_ANALYSIS = YES;
				CLANG_WARN_STRICT_PROTOTYPES = YES;
				CLANG_WARN_SUSPICIOUS_MOVE = YES;
				CLANG_WARN_UNGUARDED_AVAILABILITY = YES_AGGRESSIVE;
				CLANG_WARN_UNREACHABLE_CODE = YES;
				CLANG_WARN__DUPLICATE_METHOD_MATCH = YES;
				COPY_PHASE_STRIP = NO;
				DEBUG_INFORMATION_FORMAT = dwarf;
				ENABLE_STRICT_OBJC_MSGSEND = YES;
				ENABLE_TESTABILITY = YES;
				GCC_C_LANGUAGE_STANDARD = gnu11;
				GCC_DYNAMIC_NO_PIC = NO;
				GCC_NO_COMMON_BLOCKS = YES;
				GCC_OPTIMIZATION_LEVEL = 0;
				GCC_PREPROCESSOR_DEFINITIONS = (
					"DEBUG=1",
					"$(inherited)",
				);
				GCC_WARN_64_TO_32_BIT_CONVERSION = YES;
				GCC_WARN_ABOUT_RETURN_TYPE = YES_ERROR;
				GCC_WARN_UNDECLARED_SELECTOR = YES;
				GCC_WARN_UNINITIALIZED_AUTOS = YES_AGGRESSIVE;
				GCC_WARN_UNUSED_FUNCTION = YES;
				GCC_WARN_UNUSED_VARIABLE = YES;
				IPHONEOS_DEPLOYMENT_TARGET = 14.4;
				MTL_ENABLE_DEBUG_INFO = INCLUDE_SOURCE;
				MTL_FAST_MATH = YES;
				ONLY_ACTIVE_ARCH = YES;
				SDKROOT = iphoneos;
				SWIFT_ACTIVE_COMPILATION_CONDITIONS = DEBUG;
				SWIFT_OPTIMIZATION_LEVEL = "-Onone";
			};
			name = Debug;
		};
		43DF96D626391CD400D2EC70 /* Release */ = {
			isa = XCBuildConfiguration;
			buildSettings = {
				ALWAYS_SEARCH_USER_PATHS = NO;
				CLANG_ANALYZER_NONNULL = YES;
				CLANG_ANALYZER_NUMBER_OBJECT_CONVERSION = YES_AGGRESSIVE;
				CLANG_CXX_LANGUAGE_STANDARD = "gnu++14";
				CLANG_CXX_LIBRARY = "libc++";
				CLANG_ENABLE_MODULES = YES;
				CLANG_ENABLE_OBJC_ARC = YES;
				CLANG_ENABLE_OBJC_WEAK = YES;
				CLANG_WARN_BLOCK_CAPTURE_AUTORELEASING = YES;
				CLANG_WARN_BOOL_CONVERSION = YES;
				CLANG_WARN_COMMA = YES;
				CLANG_WARN_CONSTANT_CONVERSION = YES;
				CLANG_WARN_DEPRECATED_OBJC_IMPLEMENTATIONS = YES;
				CLANG_WARN_DIRECT_OBJC_ISA_USAGE = YES_ERROR;
				CLANG_WARN_DOCUMENTATION_COMMENTS = YES;
				CLANG_WARN_EMPTY_BODY = YES;
				CLANG_WARN_ENUM_CONVERSION = YES;
				CLANG_WARN_INFINITE_RECURSION = YES;
				CLANG_WARN_INT_CONVERSION = YES;
				CLANG_WARN_NON_LITERAL_NULL_CONVERSION = YES;
				CLANG_WARN_OBJC_IMPLICIT_RETAIN_SELF = YES;
				CLANG_WARN_OBJC_LITERAL_CONVERSION = YES;
				CLANG_WARN_OBJC_ROOT_CLASS = YES_ERROR;
				CLANG_WARN_QUOTED_INCLUDE_IN_FRAMEWORK_HEADER = YES;
				CLANG_WARN_RANGE_LOOP_ANALYSIS = YES;
				CLANG_WARN_STRICT_PROTOTYPES = YES;
				CLANG_WARN_SUSPICIOUS_MOVE = YES;
				CLANG_WARN_UNGUARDED_AVAILABILITY = YES_AGGRESSIVE;
				CLANG_WARN_UNREACHABLE_CODE = YES;
				CLANG_WARN__DUPLICATE_METHOD_MATCH = YES;
				COPY_PHASE_STRIP = NO;
				DEBUG_INFORMATION_FORMAT = "dwarf-with-dsym";
				ENABLE_NS_ASSERTIONS = NO;
				ENABLE_STRICT_OBJC_MSGSEND = YES;
				GCC_C_LANGUAGE_STANDARD = gnu11;
				GCC_NO_COMMON_BLOCKS = YES;
				GCC_WARN_64_TO_32_BIT_CONVERSION = YES;
				GCC_WARN_ABOUT_RETURN_TYPE = YES_ERROR;
				GCC_WARN_UNDECLARED_SELECTOR = YES;
				GCC_WARN_UNINITIALIZED_AUTOS = YES_AGGRESSIVE;
				GCC_WARN_UNUSED_FUNCTION = YES;
				GCC_WARN_UNUSED_VARIABLE = YES;
				IPHONEOS_DEPLOYMENT_TARGET = 14.4;
				MTL_ENABLE_DEBUG_INFO = NO;
				MTL_FAST_MATH = YES;
				SDKROOT = iphoneos;
				SWIFT_COMPILATION_MODE = wholemodule;
				SWIFT_OPTIMIZATION_LEVEL = "-O";
				VALIDATE_PRODUCT = YES;
			};
			name = Release;
		};
		43DF96D826391CD400D2EC70 /* Debug */ = {
			isa = XCBuildConfiguration;
			buildSettings = {
				ASSETCATALOG_COMPILER_APPICON_NAME = AppIcon;
				ASSETCATALOG_COMPILER_GLOBAL_ACCENT_COLOR_NAME = AccentColor;
				CODE_SIGN_STYLE = Automatic;
				DEVELOPMENT_TEAM = A58343K98Z;
				INFOPLIST_FILE = SlowDiary/Info.plist;
				LD_RUNPATH_SEARCH_PATHS = (
					"$(inherited)",
					"@executable_path/Frameworks",
				);
				PRODUCT_BUNDLE_IDENTIFIER = com.jihyun.SlowDiary;
				PRODUCT_NAME = "$(TARGET_NAME)";
				SWIFT_VERSION = 5.0;
				TARGETED_DEVICE_FAMILY = "1,2";
			};
			name = Debug;
		};
		43DF96D926391CD400D2EC70 /* Release */ = {
			isa = XCBuildConfiguration;
			buildSettings = {
				ASSETCATALOG_COMPILER_APPICON_NAME = AppIcon;
				ASSETCATALOG_COMPILER_GLOBAL_ACCENT_COLOR_NAME = AccentColor;
				CODE_SIGN_STYLE = Automatic;
				DEVELOPMENT_TEAM = A58343K98Z;
				INFOPLIST_FILE = SlowDiary/Info.plist;
				LD_RUNPATH_SEARCH_PATHS = (
					"$(inherited)",
					"@executable_path/Frameworks",
				);
				PRODUCT_BUNDLE_IDENTIFIER = com.jihyun.SlowDiary;
				PRODUCT_NAME = "$(TARGET_NAME)";
				SWIFT_VERSION = 5.0;
				TARGETED_DEVICE_FAMILY = "1,2";
			};
			name = Release;
		};
		43DF96DB26391CD400D2EC70 /* Debug */ = {
			isa = XCBuildConfiguration;
			buildSettings = {
				ALWAYS_EMBED_SWIFT_STANDARD_LIBRARIES = YES;
				BUNDLE_LOADER = "$(TEST_HOST)";
				CODE_SIGN_STYLE = Automatic;
				DEVELOPMENT_TEAM = A58343K98Z;
				INFOPLIST_FILE = SlowDiaryTests/Info.plist;
				IPHONEOS_DEPLOYMENT_TARGET = 14.4;
				LD_RUNPATH_SEARCH_PATHS = (
					"$(inherited)",
					"@executable_path/Frameworks",
					"@loader_path/Frameworks",
				);
				PRODUCT_BUNDLE_IDENTIFIER = com.jihyun.SlowDiaryTests;
				PRODUCT_NAME = "$(TARGET_NAME)";
				SWIFT_VERSION = 5.0;
				TARGETED_DEVICE_FAMILY = "1,2";
				TEST_HOST = "$(BUILT_PRODUCTS_DIR)/SlowDiary.app/SlowDiary";
			};
			name = Debug;
		};
		43DF96DC26391CD400D2EC70 /* Release */ = {
			isa = XCBuildConfiguration;
			buildSettings = {
				ALWAYS_EMBED_SWIFT_STANDARD_LIBRARIES = YES;
				BUNDLE_LOADER = "$(TEST_HOST)";
				CODE_SIGN_STYLE = Automatic;
				DEVELOPMENT_TEAM = A58343K98Z;
				INFOPLIST_FILE = SlowDiaryTests/Info.plist;
				IPHONEOS_DEPLOYMENT_TARGET = 14.4;
				LD_RUNPATH_SEARCH_PATHS = (
					"$(inherited)",
					"@executable_path/Frameworks",
					"@loader_path/Frameworks",
				);
				PRODUCT_BUNDLE_IDENTIFIER = com.jihyun.SlowDiaryTests;
				PRODUCT_NAME = "$(TARGET_NAME)";
				SWIFT_VERSION = 5.0;
				TARGETED_DEVICE_FAMILY = "1,2";
				TEST_HOST = "$(BUILT_PRODUCTS_DIR)/SlowDiary.app/SlowDiary";
			};
			name = Release;
		};
		43DF96DE26391CD400D2EC70 /* Debug */ = {
			isa = XCBuildConfiguration;
			buildSettings = {
				ALWAYS_EMBED_SWIFT_STANDARD_LIBRARIES = YES;
				CODE_SIGN_STYLE = Automatic;
				DEVELOPMENT_TEAM = A58343K98Z;
				INFOPLIST_FILE = SlowDiaryUITests/Info.plist;
				LD_RUNPATH_SEARCH_PATHS = (
					"$(inherited)",
					"@executable_path/Frameworks",
					"@loader_path/Frameworks",
				);
				PRODUCT_BUNDLE_IDENTIFIER = com.jihyun.SlowDiaryUITests;
				PRODUCT_NAME = "$(TARGET_NAME)";
				SWIFT_VERSION = 5.0;
				TARGETED_DEVICE_FAMILY = "1,2";
				TEST_TARGET_NAME = SlowDiary;
			};
			name = Debug;
		};
		43DF96DF26391CD400D2EC70 /* Release */ = {
			isa = XCBuildConfiguration;
			buildSettings = {
				ALWAYS_EMBED_SWIFT_STANDARD_LIBRARIES = YES;
				CODE_SIGN_STYLE = Automatic;
				DEVELOPMENT_TEAM = A58343K98Z;
				INFOPLIST_FILE = SlowDiaryUITests/Info.plist;
				LD_RUNPATH_SEARCH_PATHS = (
					"$(inherited)",
					"@executable_path/Frameworks",
					"@loader_path/Frameworks",
				);
				PRODUCT_BUNDLE_IDENTIFIER = com.jihyun.SlowDiaryUITests;
				PRODUCT_NAME = "$(TARGET_NAME)";
				SWIFT_VERSION = 5.0;
				TARGETED_DEVICE_FAMILY = "1,2";
				TEST_TARGET_NAME = SlowDiary;
			};
			name = Release;
		};
/* End XCBuildConfiguration section */

/* Begin XCConfigurationList section */
		43DF96A826391CD300D2EC70 /* Build configuration list for PBXProject "SlowDiary" */ = {
			isa = XCConfigurationList;
			buildConfigurations = (
				43DF96D526391CD400D2EC70 /* Debug */,
				43DF96D626391CD400D2EC70 /* Release */,
			);
			defaultConfigurationIsVisible = 0;
			defaultConfigurationName = Release;
		};
		43DF96D726391CD400D2EC70 /* Build configuration list for PBXNativeTarget "SlowDiary" */ = {
			isa = XCConfigurationList;
			buildConfigurations = (
				43DF96D826391CD400D2EC70 /* Debug */,
				43DF96D926391CD400D2EC70 /* Release */,
			);
			defaultConfigurationIsVisible = 0;
			defaultConfigurationName = Release;
		};
		43DF96DA26391CD400D2EC70 /* Build configuration list for PBXNativeTarget "SlowDiaryTests" */ = {
			isa = XCConfigurationList;
			buildConfigurations = (
				43DF96DB26391CD400D2EC70 /* Debug */,
				43DF96DC26391CD400D2EC70 /* Release */,
			);
			defaultConfigurationIsVisible = 0;
			defaultConfigurationName = Release;
		};
		43DF96DD26391CD400D2EC70 /* Build configuration list for PBXNativeTarget "SlowDiaryUITests" */ = {
			isa = XCConfigurationList;
			buildConfigurations = (
				43DF96DE26391CD400D2EC70 /* Debug */,
				43DF96DF26391CD400D2EC70 /* Release */,
			);
			defaultConfigurationIsVisible = 0;
			defaultConfigurationName = Release;
		};
/* End XCConfigurationList section */
	};
	rootObject = 43DF96A526391CD300D2EC70 /* Project object */;
}
